
Microsoft Visual Studio Solution File, Format Version 12.00
# Visual Studio 15
VisualStudioVersion = 15.0.27130.2027
MinimumVisualStudioVersion = 10.0.40219.1
Project("{FAE04EC0-301F-11D3-BF4B-00C04F79EFBC}") = "CorrectionPanier", "CorrectionPanier\CorrectionPanier.csproj", "{96CBD397-7333-418D-A3D3-D8DBBF6CEF44}"
EndProject
Project("{FAE04EC0-301F-11D3-BF4B-00C04F79EFBC}") = "CorrectionPanierTest", "CorrectionPanierTest\CorrectionPanierTest.csproj", "{64A6E498-DE6A-43FC-BB0A-8EEEEF874D7C}"
EndProject
Global
	GlobalSection(SolutionConfigurationPlatforms) = preSolution
		Debug|Any CPU = Debug|Any CPU
		Release|Any CPU = Release|Any CPU
	EndGlobalSection
	GlobalSection(ProjectConfigurationPlatforms) = postSolution
		{96CBD397-7333-418D-A3D3-D8DBBF6CEF44}.Debug|Any CPU.ActiveCfg = Debug|Any CPU
		{96CBD397-7333-418D-A3D3-D8DBBF6CEF44}.Debug|Any CPU.Build.0 = Debug|Any CPU
		{96CBD397-7333-418D-A3D3-D8DBBF6CEF44}.Release|Any CPU.ActiveCfg = Release|Any CPU
		{96CBD397-7333-418D-A3D3-D8DBBF6CEF44}.Release|Any CPU.Build.0 = Release|Any CPU
		{64A6E498-DE6A-43FC-BB0A-8EEEEF874D7C}.Debug|Any CPU.ActiveCfg = Debug|Any CPU
		{64A6E498-DE6A-43FC-BB0A-8EEEEF874D7C}.Debug|Any CPU.Build.0 = Debug|Any CPU
		{64A6E498-DE6A-43FC-BB0A-8EEEEF874D7C}.Release|Any CPU.ActiveCfg = Release|Any CPU
		{64A6E498-DE6A-43FC-BB0A-8EEEEF874D7C}.Release|Any CPU.Build.0 = Release|Any CPU
	EndGlobalSection
	GlobalSection(SolutionProperties) = preSolution
		HideSolutionNode = FALSE
	EndGlobalSection
	GlobalSection(ExtensibilityGlobals) = postSolution
		SolutionGuid = {E72EBA76-2042-4C9E-83CC-E375CC6929FA}
	EndGlobalSection
EndGlobal
